
Microsoft Visual Studio Solution File, Format Version 12.00
# Visual Studio Version 16
VisualStudioVersion = 16.0.31229.75
MinimumVisualStudioVersion = 10.0.40219.1
Project("{FAE04EC0-301F-11D3-BF4B-00C04F79EFBC}") = "Middleware", "Middleware\Middleware.csproj", "{AB237867-2856-4D3D-878F-2B81C2C41F54}"
EndProject
Global
	GlobalSection(SolutionConfigurationPlatforms) = preSolution
		Debug|Any CPU = Debug|Any CPU
		Release|Any CPU = Release|Any CPU
	EndGlobalSection
	GlobalSection(ProjectConfigurationPlatforms) = postSolution
		{AB237867-2856-4D3D-878F-2B81C2C41F54}.Debug|Any CPU.ActiveCfg = Debug|Any CPU
		{AB237867-2856-4D3D-878F-2B81C2C41F54}.Debug|Any CPU.Build.0 = Debug|Any CPU
		{AB237867-2856-4D3D-878F-2B81C2C41F54}.Release|Any CPU.ActiveCfg = Release|Any CPU
		{AB237867-2856-4D3D-878F-2B81C2C41F54}.Release|Any CPU.Build.0 = Release|Any CPU
	EndGlobalSection
	GlobalSection(SolutionProperties) = preSolution
		HideSolutionNode = FALSE
	EndGlobalSection
	GlobalSection(ExtensibilityGlobals) = postSolution
		SolutionGuid = {05FEC9B1-0C6A-4933-8B51-BD667EDD35F6}
	EndGlobalSection
EndGlobal
